# THIS IS AN AUTOGENERATED FILE. DO NOT EDIT THIS FILE DIRECTLY.
# yarn lockfile v1


ansi-regex@^2.0.0:
  version "2.1.1"
  resolved "https://registry.yarnpkg.com/ansi-regex/-/ansi-regex-2.1.1.tgz#c3b33ab5ee360d86e0e628f0468ae7ef27d654df"

ansi-styles@^2.2.1:
  version "2.2.1"
  resolved "https://registry.yarnpkg.com/ansi-styles/-/ansi-styles-2.2.1.tgz#b432dd3358b634cf75e1e4664368240533c1ddbe"

ansi-styles@^3.1.0:
  version "3.2.0"
  resolved "https://registry.yarnpkg.com/ansi-styles/-/ansi-styles-3.2.0.tgz#c159b8d5be0f9e5a6f346dab94f16ce022161b88"
  dependencies:
    color-convert "^1.9.0"

asap@~2.0.3:
  version "2.0.6"
  resolved "https://registry.yarnpkg.com/asap/-/asap-2.0.6.tgz#e50347611d7e690943208bbdafebcbc2fb866d46"

async@^2.0.0:
  version "2.6.0"
  resolved "https://registry.yarnpkg.com/async/-/async-2.6.0.tgz#61a29abb6fcc026fea77e56d1c6ec53a795951f4"
  dependencies:
    lodash "^4.14.0"

babel-runtime@^6.11.6, babel-runtime@^6.2.0, babel-runtime@^6.6.1:
  version "6.26.0"
  resolved "https://registry.yarnpkg.com/babel-runtime/-/babel-runtime-6.26.0.tgz#965c7058668e82b55d7bfe04ff2337bc8b5647fe"
  dependencies:
    core-js "^2.4.0"
    regenerator-runtime "^0.11.0"

balanced-match@^1.0.0:
  version "1.0.0"
  resolved "https://registry.yarnpkg.com/balanced-match/-/balanced-match-1.0.0.tgz#89b4d199ab2bee49de164ea02b89ce462d71b767"

base16@^1.0.0:
  version "1.0.0"
  resolved "https://registry.yarnpkg.com/base16/-/base16-1.0.0.tgz#e297f60d7ec1014a7a971a39ebc8a98c0b681e70"

big.js@^3.1.3:
  version "3.2.0"
  resolved "https://registry.yarnpkg.com/big.js/-/big.js-3.2.0.tgz#a5fc298b81b9e0dca2e458824784b65c52ba588e"

brace-expansion@^1.1.7:
  version "1.1.8"
  resolved "https://registry.yarnpkg.com/brace-expansion/-/brace-expansion-1.1.8.tgz#c07b211c7c952ec1f8efd51a77ef0d1d3990a292"
  dependencies:
    balanced-match "^1.0.0"
    concat-map "0.0.1"

chalk@^1.1.3:
  version "1.1.3"
  resolved "https://registry.yarnpkg.com/chalk/-/chalk-1.1.3.tgz#a8115c55e4a702fe4d150abd3872822a7e09fc98"
  dependencies:
    ansi-styles "^2.2.1"
    escape-string-regexp "^1.0.2"
    has-ansi "^2.0.0"
    strip-ansi "^3.0.0"
    supports-color "^2.0.0"

chalk@^2.3.0:
  version "2.3.0"
  resolved "https://registry.yarnpkg.com/chalk/-/chalk-2.3.0.tgz#b5ea48efc9c1793dccc9b4767c93914d3f2d52ba"
  dependencies:
    ansi-styles "^3.1.0"
    escape-string-regexp "^1.0.5"
    supports-color "^4.0.0"

clamp@^1.0.1:
  version "1.0.1"
  resolved "https://registry.yarnpkg.com/clamp/-/clamp-1.0.1.tgz#66a0e64011816e37196828fdc8c8c147312c8634"

classnames@^2.2.3, classnames@^2.2.4, classnames@^2.2.5:
  version "2.2.5"
  resolved "https://registry.yarnpkg.com/classnames/-/classnames-2.2.5.tgz#fb3801d453467649ef3603c7d61a02bd129bde6d"

color-convert@^1.9.0:
  version "1.9.1"
  resolved "https://registry.yarnpkg.com/color-convert/-/color-convert-1.9.1.tgz#c1261107aeb2f294ebffec9ed9ecad529a6097ed"
  dependencies:
    color-name "^1.1.1"

color-name@^1.1.1:
  version "1.1.3"
  resolved "https://registry.yarnpkg.com/color-name/-/color-name-1.1.3.tgz#a7d0558bd89c42f795dd42328f740831ca53bc25"

concat-map@0.0.1:
  version "0.0.1"
  resolved "https://registry.yarnpkg.com/concat-map/-/concat-map-0.0.1.tgz#d8a96bd77fd68df7793a73036a3ba0d5405d477b"

core-js@^1.0.0:
  version "1.2.7"
  resolved "https://registry.yarnpkg.com/core-js/-/core-js-1.2.7.tgz#652294c14651db28fa93bd2d5ff2983a4f08c636"

core-js@^2.4.0:
  version "2.5.2"
  resolved "https://registry.yarnpkg.com/core-js/-/core-js-2.5.2.tgz#bc4648656e7dc9dc80d7d3c7bbc172d96e744e63"

create-react-class@^15.5.1, create-react-class@^15.6.0:
  version "15.6.2"
  resolved "https://registry.yarnpkg.com/create-react-class/-/create-react-class-15.6.2.tgz#cf1ed15f12aad7f14ef5f2dfe05e6c42f91ef02a"
  dependencies:
    fbjs "^0.8.9"
    loose-envify "^1.3.1"
    object-assign "^4.1.1"

cron-parser@^2.4.0:
  version "2.4.3"
  resolved "https://registry.yarnpkg.com/cron-parser/-/cron-parser-2.4.3.tgz#cae844c20117fc72c678f63ac83c7884be199e78"
  dependencies:
    is-nan "^1.2.1"
    moment-timezone "^0.5.0"

css-modules-require-hook@^4.0.0:
  version "4.2.2"
  resolved "https://registry.yarnpkg.com/css-modules-require-hook/-/css-modules-require-hook-4.2.2.tgz#99bb95e5ce9cf49060eed74997c7f7a04bf221eb"
  dependencies:
    debug "^2.2.0"
    generic-names "^1.0.1"
    glob-to-regexp "^0.3.0"
    icss-replace-symbols "^1.0.2"
    lodash "^4.3.0"
    postcss "^6.0.1"
    postcss-modules-extract-imports "^1.0.0"
    postcss-modules-local-by-default "^1.0.1"
    postcss-modules-resolve-imports "^1.3.0"
    postcss-modules-scope "^1.0.0"
    postcss-modules-values "^1.1.1"
    seekout "^1.0.1"

css-selector-tokenizer@^0.7.0:
  version "0.7.0"
  resolved "https://registry.yarnpkg.com/css-selector-tokenizer/-/css-selector-tokenizer-0.7.0.tgz#e6988474ae8c953477bf5e7efecfceccd9cf4c86"
  dependencies:
    cssesc "^0.1.0"
    fastparse "^1.1.1"
    regexpu-core "^1.0.0"

cssesc@^0.1.0:
  version "0.1.0"
  resolved "https://registry.yarnpkg.com/cssesc/-/cssesc-0.1.0.tgz#c814903e45623371a0477b40109aaafbeeaddbb4"

debug@^2.2.0:
  version "2.6.9"
  resolved "https://registry.yarnpkg.com/debug/-/debug-2.6.9.tgz#5d128515df134ff327e90a4c93f4e077a536341f"
  dependencies:
    ms "2.0.0"

deep-diff@0.3.4:
  version "0.3.4"
  resolved "https://registry.yarnpkg.com/deep-diff/-/deep-diff-0.3.4.tgz#aac5c39952236abe5f037a2349060ba01b00ae48"

deep-equal@^1.0.0, deep-equal@^1.0.1:
  version "1.0.1"
  resolved "https://registry.yarnpkg.com/deep-equal/-/deep-equal-1.0.1.tgz#f5d260292b660e084eff4cdbc9f08ad3247448b5"

define-properties@^1.1.1:
  version "1.1.2"
  resolved "https://registry.yarnpkg.com/define-properties/-/define-properties-1.1.2.tgz#83a73f2fea569898fb737193c8f873caf6d45c94"
  dependencies:
    foreach "^2.0.5"
    object-keys "^1.0.8"

dom-helpers@^2.4.0:
  version "2.4.0"
  resolved "https://registry.yarnpkg.com/dom-helpers/-/dom-helpers-2.4.0.tgz#9bb4b245f637367b1fa670274272aa28fe06c367"

dotenv@^2.0.0:
  version "2.0.0"
  resolved "https://registry.yarnpkg.com/dotenv/-/dotenv-2.0.0.tgz#bd759c357aaa70365e01c96b7b0bec08a6e0d949"

electron-debug@^0.6.0:
  version "0.6.0"
  resolved "https://registry.yarnpkg.com/electron-debug/-/electron-debug-0.6.0.tgz#de45cd2694d1d62c95d0d1f7f2443aeca0fbd5d2"
  dependencies:
    electron-is-dev "^0.1.0"
    electron-localshortcut "^0.6.0"

electron-is-dev@^0.1.0:
  version "0.1.2"
  resolved "https://registry.yarnpkg.com/electron-is-dev/-/electron-is-dev-0.1.2.tgz#8a1043e32b3a1da1c3f553dce28ce764246167e3"

electron-json-storage@^2.0.0:
  version "2.1.1"
  resolved "https://registry.yarnpkg.com/electron-json-storage/-/electron-json-storage-2.1.1.tgz#38aaa24d95a3fbd2825698cfd27c57cd2a74d86e"
  dependencies:
    async "^2.0.0"
    exists-file "^2.1.0"
    lodash "^4.0.1"
    mkdirp "^0.5.1"
    rimraf "^2.5.1"

electron-localshortcut@^0.6.0:
  version "0.6.1"
  resolved "https://registry.yarnpkg.com/electron-localshortcut/-/electron-localshortcut-0.6.1.tgz#c4e268c38a6e42f40de5618fc906d1ed608f11aa"

electron-positioner@^3.0.0:
  version "3.0.0"
  resolved "https://registry.yarnpkg.com/electron-positioner/-/electron-positioner-3.0.0.tgz#1a3b75c9cc1e29dd37c663b23fd876d4ffab9996"

emojis-list@^2.0.0:
  version "2.1.0"
  resolved "https://registry.yarnpkg.com/emojis-list/-/emojis-list-2.1.0.tgz#4daa4d9db00f9819880c79fa457ae5b09a1fd389"

encoding@^0.1.11:
  version "0.1.12"
  resolved "https://registry.yarnpkg.com/encoding/-/encoding-0.1.12.tgz#538b66f3ee62cd1ab51ec323829d1f9480c74beb"
  dependencies:
    iconv-lite "~0.4.13"

es6-error@^4.0.0:
  version "4.0.2"
  resolved "https://registry.yarnpkg.com/es6-error/-/es6-error-4.0.2.tgz#eec5c726eacef51b7f6b73c20db6e1b13b069c98"

escape-string-regexp@^1.0.2, escape-string-regexp@^1.0.5:
  version "1.0.5"
  resolved "https://registry.yarnpkg.com/escape-string-regexp/-/escape-string-regexp-1.0.5.tgz#1b61c0562190a8dff6ae3bb2cf0200ca130b86d4"

exists-file@^2.1.0:
  version "2.1.0"
  resolved "https://registry.yarnpkg.com/exists-file/-/exists-file-2.1.0.tgz#66ea39b7855a9d8ad2ff485d974f04a93bb888f8"

fastparse@^1.1.1:
  version "1.1.1"
  resolved "https://registry.yarnpkg.com/fastparse/-/fastparse-1.1.1.tgz#d1e2643b38a94d7583b479060e6c4affc94071f8"

fbjs@^0.8.16, fbjs@^0.8.4, fbjs@^0.8.9:
  version "0.8.16"
  resolved "https://registry.yarnpkg.com/fbjs/-/fbjs-0.8.16.tgz#5e67432f550dc41b572bf55847b8aca64e5337db"
  dependencies:
    core-js "^1.0.0"
    isomorphic-fetch "^2.1.1"
    loose-envify "^1.0.0"
    object-assign "^4.1.0"
    promise "^7.1.1"
    setimmediate "^1.0.5"
    ua-parser-js "^0.7.9"

flux-standard-action@^0.6.1:
  version "0.6.1"
  resolved "https://registry.yarnpkg.com/flux-standard-action/-/flux-standard-action-0.6.1.tgz#6f34211b94834ea1c3cc30f4e7afad3d0fbf71a2"
  dependencies:
    lodash.isplainobject "^3.2.0"

foreach@^2.0.5:
  version "2.0.5"
  resolved "https://registry.yarnpkg.com/foreach/-/foreach-2.0.5.tgz#0bee005018aeb260d0a3af3ae658dd0136ec1b99"

fs.realpath@^1.0.0:
  version "1.0.0"
  resolved "https://registry.yarnpkg.com/fs.realpath/-/fs.realpath-1.0.0.tgz#1504ad2523158caa40db4a2787cb01411994ea4f"

generic-names@^1.0.1:
  version "1.0.3"
  resolved "https://registry.yarnpkg.com/generic-names/-/generic-names-1.0.3.tgz#2d786a121aee508876796939e8e3bff836c20917"
  dependencies:
    loader-utils "^0.2.16"

glob-to-regexp@^0.3.0:
  version "0.3.0"
  resolved "https://registry.yarnpkg.com/glob-to-regexp/-/glob-to-regexp-0.3.0.tgz#8c5a1494d2066c570cc3bfe4496175acc4d502ab"

glob@^7.0.5:
  version "7.1.2"
  resolved "https://registry.yarnpkg.com/glob/-/glob-7.1.2.tgz#c19c9df9a028702d678612384a6552404c636d15"
  dependencies:
    fs.realpath "^1.0.0"
    inflight "^1.0.4"
    inherits "2"
    minimatch "^3.0.4"
    once "^1.3.0"
    path-is-absolute "^1.0.0"

has-ansi@^2.0.0:
  version "2.0.0"
  resolved "https://registry.yarnpkg.com/has-ansi/-/has-ansi-2.0.0.tgz#34f5049ce1ecdf2b0649af3ef24e45ed35416d91"
  dependencies:
    ansi-regex "^2.0.0"

has-flag@^1.0.0:
  version "1.0.0"
  resolved "https://registry.yarnpkg.com/has-flag/-/has-flag-1.0.0.tgz#9d9e793165ce017a00f00418c43f942a7b1d11fa"

has-flag@^2.0.0:
  version "2.0.0"
  resolved "https://registry.yarnpkg.com/has-flag/-/has-flag-2.0.0.tgz#e8207af1cc7b30d446cc70b734b5e8be18f88d51"

history@^2.1.2:
  version "2.1.2"
  resolved "https://registry.yarnpkg.com/history/-/history-2.1.2.tgz#4aa2de897a0e4867e4539843be6ecdb2986bfdec"
  dependencies:
    deep-equal "^1.0.0"
    invariant "^2.0.0"
    query-string "^3.0.0"
    warning "^2.0.0"

hoist-non-react-statics@^1.0.3, hoist-non-react-statics@^1.2.0:
  version "1.2.0"
  resolved "https://registry.yarnpkg.com/hoist-non-react-statics/-/hoist-non-react-statics-1.2.0.tgz#aa448cf0986d55cc40773b17174b7dd066cb7cfb"

iconv-lite@~0.4.13:
  version "0.4.19"
  resolved "https://registry.yarnpkg.com/iconv-lite/-/iconv-lite-0.4.19.tgz#f7468f60135f5e5dad3399c0a81be9a1603a082b"

icss-replace-symbols@^1.0.2, icss-replace-symbols@^1.1.0:
  version "1.1.0"
  resolved "https://registry.yarnpkg.com/icss-replace-symbols/-/icss-replace-symbols-1.1.0.tgz#06ea6f83679a7749e386cfe1fe812ae5db223ded"

icss-utils@^3.0.1:
  version "3.0.1"
  resolved "https://registry.yarnpkg.com/icss-utils/-/icss-utils-3.0.1.tgz#ee70d3ae8cac38c6be5ed91e851b27eed343ad0f"
  dependencies:
    postcss "^6.0.2"

inflight@^1.0.4:
  version "1.0.6"
  resolved "https://registry.yarnpkg.com/inflight/-/inflight-1.0.6.tgz#49bd6331d7d02d0c09bc910a1075ba8165b56df9"
  dependencies:
    once "^1.3.0"
    wrappy "1"

inherits@2:
  version "2.0.3"
  resolved "https://registry.yarnpkg.com/inherits/-/inherits-2.0.3.tgz#633c2c83e3da42a502f52466022480f4208261de"

invariant@^2.0.0, invariant@^2.2.1, invariant@^2.2.2:
  version "2.2.2"
  resolved "https://registry.yarnpkg.com/invariant/-/invariant-2.2.2.tgz#9e1f56ac0acdb6bf303306f338be3b204ae60360"
  dependencies:
    loose-envify "^1.0.0"

is-nan@^1.2.1:
  version "1.2.1"
  resolved "https://registry.yarnpkg.com/is-nan/-/is-nan-1.2.1.tgz#9faf65b6fb6db24b7f5c0628475ea71f988401e2"
  dependencies:
    define-properties "^1.1.1"

is-promise@^2.1.0:
  version "2.1.0"
  resolved "https://registry.yarnpkg.com/is-promise/-/is-promise-2.1.0.tgz#79a2a9ece7f096e80f36d2b2f3bc16c1ff4bf3fa"

is-stream@^1.0.1:
  version "1.1.0"
  resolved "https://registry.yarnpkg.com/is-stream/-/is-stream-1.1.0.tgz#12d4a3dd4e68e0b79ceb8dbc84173ae80d91ca44"

isomorphic-fetch@^2.1.1:
  version "2.2.1"
  resolved "https://registry.yarnpkg.com/isomorphic-fetch/-/isomorphic-fetch-2.2.1.tgz#611ae1acf14f5e81f729507472819fe9733558a9"
  dependencies:
    node-fetch "^1.0.1"
    whatwg-fetch ">=0.10.0"

js-base64@^2.1.9:
  version "2.4.0"
  resolved "https://registry.yarnpkg.com/js-base64/-/js-base64-2.4.0.tgz#9e566fee624751a1d720c966cd6226d29d4025aa"

js-tokens@^3.0.0:
  version "3.0.2"
  resolved "https://registry.yarnpkg.com/js-tokens/-/js-tokens-3.0.2.tgz#9866df395102130e38f7f996bceb65443209c25b"

jsesc@~0.5.0:
  version "0.5.0"
  resolved "https://registry.yarnpkg.com/jsesc/-/jsesc-0.5.0.tgz#e7dee66e35d6fc16f710fe91d5cf69f70f08911d"

json5@^0.5.0:
  version "0.5.1"
  resolved "https://registry.yarnpkg.com/json5/-/json5-0.5.1.tgz#1eade7acc012034ad84e2396767ead9fa5495821"

loader-utils@^0.2.16:
  version "0.2.17"
  resolved "https://registry.yarnpkg.com/loader-utils/-/loader-utils-0.2.17.tgz#f86e6374d43205a6e6c60e9196f17c0299bfb348"
  dependencies:
    big.js "^3.1.3"
    emojis-list "^2.0.0"
    json5 "^0.5.0"
    object-assign "^4.0.1"

lodash-es@^4.17.3, lodash-es@^4.2.1:
  version "4.17.4"
  resolved "https://registry.yarnpkg.com/lodash-es/-/lodash-es-4.17.4.tgz#dcc1d7552e150a0640073ba9cb31d70f032950e7"

lodash._basefor@^3.0.0:
  version "3.0.3"
  resolved "https://registry.yarnpkg.com/lodash._basefor/-/lodash._basefor-3.0.3.tgz#7550b4e9218ef09fad24343b612021c79b4c20c2"

lodash._getnative@^3.0.0:
  version "3.9.1"
  resolved "https://registry.yarnpkg.com/lodash._getnative/-/lodash._getnative-3.9.1.tgz#570bc7dede46d61cdcde687d65d3eecbaa3aaff5"

lodash.curry@^4.0.1:
  version "4.1.1"
  resolved "https://registry.yarnpkg.com/lodash.curry/-/lodash.curry-4.1.1.tgz#248e36072ede906501d75966200a86dab8b23170"

lodash.debounce@^3.1.1:
  version "3.1.1"
  resolved "https://registry.yarnpkg.com/lodash.debounce/-/lodash.debounce-3.1.1.tgz#812211c378a94cc29d5aa4e3346cf0bfce3a7df5"
  dependencies:
    lodash._getnative "^3.0.0"

lodash.debounce@^4.0.4:
  version "4.0.8"
  resolved "https://registry.yarnpkg.com/lodash.debounce/-/lodash.debounce-4.0.8.tgz#82d79bff30a67c4005ffd5e2515300ad9ca4d7af"

lodash.flow@^3.3.0:
  version "3.5.0"
  resolved "https://registry.yarnpkg.com/lodash.flow/-/lodash.flow-3.5.0.tgz#87bf40292b8cf83e4e8ce1a3ae4209e20071675a"

lodash.isarguments@^3.0.0:
  version "3.1.0"
  resolved "https://registry.yarnpkg.com/lodash.isarguments/-/lodash.isarguments-3.1.0.tgz#2f573d85c6a24289ff00663b491c1d338ff3458a"

lodash.isarray@^3.0.0:
  version "3.0.4"
  resolved "https://registry.yarnpkg.com/lodash.isarray/-/lodash.isarray-3.0.4.tgz#79e4eb88c36a8122af86f844aa9bcd851b5fbb55"

lodash.isequal@^4.4.0:
  version "4.5.0"
  resolved "https://registry.yarnpkg.com/lodash.isequal/-/lodash.isequal-4.5.0.tgz#415c4478f2bcc30120c22ce10ed3226f7d3e18e0"

lodash.isplainobject@^3.2.0:
  version "3.2.0"
  resolved "https://registry.yarnpkg.com/lodash.isplainobject/-/lodash.isplainobject-3.2.0.tgz#9a8238ae16b200432960cd7346512d0123fbf4c5"
  dependencies:
    lodash._basefor "^3.0.0"
    lodash.isarguments "^3.0.0"
    lodash.keysin "^3.0.0"

lodash.keysin@^3.0.0:
  version "3.0.8"
  resolved "https://registry.yarnpkg.com/lodash.keysin/-/lodash.keysin-3.0.8.tgz#22c4493ebbedb1427962a54b445b2c8a767fb47f"
  dependencies:
    lodash.isarguments "^3.0.0"
    lodash.isarray "^3.0.0"

lodash@^4.0.1, lodash@^4.13.1, lodash@^4.14.0, lodash@^4.17.3, lodash@^4.2.0, lodash@^4.2.1, lodash@^4.3.0:
  version "4.17.4"
  resolved "https://registry.yarnpkg.com/lodash/-/lodash-4.17.4.tgz#78203a4d1c328ae1d86dca6460e369b57f4055ae"

long-timeout@0.1.1:
  version "0.1.1"
  resolved "https://registry.yarnpkg.com/long-timeout/-/long-timeout-0.1.1.tgz#9721d788b47e0bcb5a24c2e2bee1a0da55dab514"

loose-envify@^1.0.0, loose-envify@^1.1.0, loose-envify@^1.2.0, loose-envify@^1.3.1:
  version "1.3.1"
  resolved "https://registry.yarnpkg.com/loose-envify/-/loose-envify-1.3.1.tgz#d1a8ad33fa9ce0e713d65fdd0ac8b748d478c848"
  dependencies:
    js-tokens "^3.0.0"

material-design-lite@^1.1.3:
  version "1.3.0"
  resolved "https://registry.yarnpkg.com/material-design-lite/-/material-design-lite-1.3.0.tgz#d004ce3fee99a1eeb74a78b8a325134a5f1171d3"

minimatch@^3.0.4:
  version "3.0.4"
  resolved "https://registry.yarnpkg.com/minimatch/-/minimatch-3.0.4.tgz#5166e286457f03306064be5497e8dbb0c3d32083"
  dependencies:
    brace-expansion "^1.1.7"

minimist@0.0.8:
  version "0.0.8"
  resolved "https://registry.yarnpkg.com/minimist/-/minimist-0.0.8.tgz#857fcabfc3397d2625b8228262e86aa7a011b05d"

minimist@^1.2.0:
  version "1.2.0"
  resolved "https://registry.yarnpkg.com/minimist/-/minimist-1.2.0.tgz#a35008b20f41383eec1fb914f4cd5df79a264284"

mkdirp@^0.5.1:
  version "0.5.1"
  resolved "https://registry.yarnpkg.com/mkdirp/-/mkdirp-0.5.1.tgz#30057438eac6cf7f8c4767f38648d6697d75c903"
  dependencies:
    minimist "0.0.8"

moment-timezone@^0.5.0:
  version "0.5.14"
  resolved "https://registry.yarnpkg.com/moment-timezone/-/moment-timezone-0.5.14.tgz#4eb38ff9538b80108ba467a458f3ed4268ccfcb1"
  dependencies:
    moment ">= 2.9.0"

"moment@>= 2.9.0", moment@^2.13.0:
  version "2.19.3"
  resolved "https://registry.yarnpkg.com/moment/-/moment-2.19.3.tgz#bdb99d270d6d7fda78cc0fbace855e27fe7da69f"

ms@2.0.0:
  version "2.0.0"
  resolved "https://registry.yarnpkg.com/ms/-/ms-2.0.0.tgz#5608aeadfc00be6c2901df5f9861788de0d597c8"

node-fetch@^1.0.1, node-fetch@^1.5.2:
  version "1.7.3"
  resolved "https://registry.yarnpkg.com/node-fetch/-/node-fetch-1.7.3.tgz#980f6f72d85211a5347c6b2bc18c5b84c3eb47ef"
  dependencies:
    encoding "^0.1.11"
    is-stream "^1.0.1"

node-schedule@^1.1.0:
  version "1.2.5"
  resolved "https://registry.yarnpkg.com/node-schedule/-/node-schedule-1.2.5.tgz#fb30f4e4d1dd1e81c536f9495d5da0e9e2d7de14"
  dependencies:
    cron-parser "^2.4.0"
    long-timeout "0.1.1"
    sorted-array-functions "^1.0.0"

object-assign@^4.0.1, object-assign@^4.1.0, object-assign@^4.1.1:
  version "4.1.1"
  resolved "https://registry.yarnpkg.com/object-assign/-/object-assign-4.1.1.tgz#2109adc7965887cfc05cbbd442cac8bfbb360863"

object-keys@^1.0.8:
  version "1.0.11"
  resolved "https://registry.yarnpkg.com/object-keys/-/object-keys-1.0.11.tgz#c54601778ad560f1142ce0e01bcca8b56d13426d"

once@^1.3.0:
  version "1.4.0"
  resolved "https://registry.yarnpkg.com/once/-/once-1.4.0.tgz#583b1aa775961d4b113ac17d9c50baef9dd76bd1"
  dependencies:
    wrappy "1"

parse-key@^0.2.1:
  version "0.2.1"
  resolved "https://registry.yarnpkg.com/parse-key/-/parse-key-0.2.1.tgz#7bcf76595536e36075664be4d687e4bdd910208f"

parse-link-header@^0.4.1:
  version "0.4.1"
  resolved "https://registry.yarnpkg.com/parse-link-header/-/parse-link-header-0.4.1.tgz#f6bd615dc6713fd40935ce97945e4d3f522edf14"
  dependencies:
    xtend "~4.0.0"

path-is-absolute@^1.0.0:
  version "1.0.1"
  resolved "https://registry.yarnpkg.com/path-is-absolute/-/path-is-absolute-1.0.1.tgz#174b9268735534ffbc7ace6bf53a5a9e1b5c5f5f"

performance-now@^2.1.0:
  version "2.1.0"
  resolved "https://registry.yarnpkg.com/performance-now/-/performance-now-2.1.0.tgz#6309f4e0e5fa913ec1c69307ae364b4b377c9e7b"

pify@^2.3.0:
  version "2.3.0"
  resolved "https://registry.yarnpkg.com/pify/-/pify-2.3.0.tgz#ed141a6ac043a849ea588498e7dca8b15330e90c"

postcss-modules-extract-imports@^1.0.0:
  version "1.1.0"
  resolved "https://registry.yarnpkg.com/postcss-modules-extract-imports/-/postcss-modules-extract-imports-1.1.0.tgz#b614c9720be6816eaee35fb3a5faa1dba6a05ddb"
  dependencies:
    postcss "^6.0.1"

postcss-modules-local-by-default@^1.0.1:
  version "1.2.0"
  resolved "https://registry.yarnpkg.com/postcss-modules-local-by-default/-/postcss-modules-local-by-default-1.2.0.tgz#f7d80c398c5a393fa7964466bd19500a7d61c069"
  dependencies:
    css-selector-tokenizer "^0.7.0"
    postcss "^6.0.1"

postcss-modules-resolve-imports@^1.3.0:
  version "1.3.0"
  resolved "https://registry.yarnpkg.com/postcss-modules-resolve-imports/-/postcss-modules-resolve-imports-1.3.0.tgz#398d3000b95ae969420cdf4cd83fa8067f1c5eae"
  dependencies:
    css-selector-tokenizer "^0.7.0"
    icss-utils "^3.0.1"
    minimist "^1.2.0"

postcss-modules-scope@^1.0.0:
  version "1.1.0"
  resolved "https://registry.yarnpkg.com/postcss-modules-scope/-/postcss-modules-scope-1.1.0.tgz#d6ea64994c79f97b62a72b426fbe6056a194bb90"
  dependencies:
    css-selector-tokenizer "^0.7.0"
    postcss "^6.0.1"

postcss-modules-values@^1.1.1:
  version "1.3.0"
  resolved "https://registry.yarnpkg.com/postcss-modules-values/-/postcss-modules-values-1.3.0.tgz#ecffa9d7e192518389f42ad0e83f72aec456ea20"
  dependencies:
    icss-replace-symbols "^1.1.0"
    postcss "^6.0.1"

postcss@^5.0.19:
  version "5.2.18"
  resolved "https://registry.yarnpkg.com/postcss/-/postcss-5.2.18.tgz#badfa1497d46244f6390f58b319830d9107853c5"
  dependencies:
    chalk "^1.1.3"
    js-base64 "^2.1.9"
    source-map "^0.5.6"
    supports-color "^3.2.3"

postcss@^6.0.1, postcss@^6.0.2:
  version "6.0.14"
  resolved "https://registry.yarnpkg.com/postcss/-/postcss-6.0.14.tgz#5534c72114739e75d0afcf017db853099f562885"
  dependencies:
    chalk "^2.3.0"
    source-map "^0.6.1"
    supports-color "^4.4.0"

promise@^7.1.1:
  version "7.3.1"
  resolved "https://registry.yarnpkg.com/promise/-/promise-7.3.1.tgz#064b72602b18f90f29192b8b1bc418ffd1ebd3bf"
  dependencies:
    asap "~2.0.3"

prop-types@^15.0.0, prop-types@^15.5.0, prop-types@^15.5.10, prop-types@^15.5.4, prop-types@^15.5.7, prop-types@^15.5.8, prop-types@^15.5.9:
  version "15.6.0"
  resolved "https://registry.yarnpkg.com/prop-types/-/prop-types-15.6.0.tgz#ceaf083022fc46b4a35f69e13ef75aed0d639856"
  dependencies:
    fbjs "^0.8.16"
    loose-envify "^1.3.1"
    object-assign "^4.1.1"

pure-color@^1.2.0:
  version "1.3.0"
  resolved "https://registry.yarnpkg.com/pure-color/-/pure-color-1.3.0.tgz#1fe064fb0ac851f0de61320a8bf796836422f33e"

query-string@^3.0.0:
  version "3.0.3"
  resolved "https://registry.yarnpkg.com/query-string/-/query-string-3.0.3.tgz#ae2e14b4d05071d4e9b9eb4873c35b0dcd42e638"
  dependencies:
    strict-uri-encode "^1.0.0"

raf@^3.1.0:
  version "3.4.0"
  resolved "https://registry.yarnpkg.com/raf/-/raf-3.4.0.tgz#a28876881b4bc2ca9117d4138163ddb80f781575"
  dependencies:
    performance-now "^2.1.0"

react-addons-shallow-compare@^15.1.0:
  version "15.6.2"
  resolved "https://registry.yarnpkg.com/react-addons-shallow-compare/-/react-addons-shallow-compare-15.6.2.tgz#198a00b91fc37623db64a28fd17b596ba362702f"
  dependencies:
    fbjs "^0.8.4"
    object-assign "^4.1.0"

react-base16-styling@^0.5.1:
  version "0.5.3"
  resolved "https://registry.yarnpkg.com/react-base16-styling/-/react-base16-styling-0.5.3.tgz#3858f24e9c4dd8cbd3f702f3f74d581ca2917269"
  dependencies:
    base16 "^1.0.0"
    lodash.curry "^4.0.1"
    lodash.flow "^3.3.0"
    pure-color "^1.2.0"

react-dock@^0.2.4:
  version "0.2.4"
  resolved "https://registry.yarnpkg.com/react-dock/-/react-dock-0.2.4.tgz#e727dc7550b3b73116635dcb9c0e04d0b7afe17c"
  dependencies:
    lodash.debounce "^3.1.1"
    prop-types "^15.5.8"

react-dom@^15.0.1:
  version "15.6.2"
  resolved "https://registry.yarnpkg.com/react-dom/-/react-dom-15.6.2.tgz#41cfadf693b757faf2708443a1d1fd5a02bef730"
  dependencies:
    fbjs "^0.8.9"
    loose-envify "^1.1.0"
    object-assign "^4.1.0"
    prop-types "^15.5.10"

react-input-autosize@^2.1.0:
  version "2.1.2"
  resolved "https://registry.yarnpkg.com/react-input-autosize/-/react-input-autosize-2.1.2.tgz#a3dc11a5517c434db25229925541309de3f7a8f5"
  dependencies:
    prop-types "^15.5.8"

react-json-tree@^0.11.0:
  version "0.11.0"
  resolved "https://registry.yarnpkg.com/react-json-tree/-/react-json-tree-0.11.0.tgz#f5b17e83329a9c76ae38be5c04fda3a7fd684a35"
  dependencies:
    babel-runtime "^6.6.1"
    prop-types "^15.5.8"
    react-base16-styling "^0.5.1"

react-mdl@^1.5.4:
  version "1.11.0"
  resolved "https://registry.yarnpkg.com/react-mdl/-/react-mdl-1.11.0.tgz#7e07ee1009dd9b358b616dc400ff2ae1845a2e67"
  dependencies:
    clamp "^1.0.1"
    classnames "^2.2.3"
    lodash.isequal "^4.4.0"
    prop-types "^15.5.0"

react-pure-render@^1.0.2:
  version "1.0.2"
  resolved "https://registry.yarnpkg.com/react-pure-render/-/react-pure-render-1.0.2.tgz#9d8a928c7f2c37513c2d064e57b3e3c356e9fabb"

react-redux@^4.4.5:
  version "4.4.8"
  resolved "https://registry.yarnpkg.com/react-redux/-/react-redux-4.4.8.tgz#e7bc1dd100e8b64e96ac8212db113239b9e2e08f"
  dependencies:
    create-react-class "^15.5.1"
    hoist-non-react-statics "^1.0.3"
    invariant "^2.0.0"
    lodash "^4.2.0"
    loose-envify "^1.1.0"
    prop-types "^15.5.4"

react-router-redux@^4.0.2:
  version "4.0.8"
  resolved "https://registry.yarnpkg.com/react-router-redux/-/react-router-redux-4.0.8.tgz#227403596b5151e182377dab835b5d45f0f8054e"

react-router@^2.2.4:
  version "2.8.1"
  resolved "https://registry.yarnpkg.com/react-router/-/react-router-2.8.1.tgz#73e9491f6ceb316d0f779829081863e378ee4ed7"
  dependencies:
    history "^2.1.2"
    hoist-non-react-statics "^1.2.0"
    invariant "^2.2.1"
    loose-envify "^1.2.0"
    warning "^3.0.0"

react-select@^1.0.0-beta13, react-select@^1.0.0-beta14:
  version "1.1.0"
  resolved "https://registry.yarnpkg.com/react-select/-/react-select-1.1.0.tgz#626a2de839fdea2ade74dd1b143a9bde34be6c82"
  dependencies:
    classnames "^2.2.4"
    prop-types "^15.5.8"
    react-input-autosize "^2.1.0"

react-virtualized-select@^1.0.0:
  version "1.4.0"
  resolved "https://registry.yarnpkg.com/react-virtualized-select/-/react-virtualized-select-1.4.0.tgz#6a7adededbcbf0421280f0a106a920dbff2d5f38"
  dependencies:
    react-select "^1.0.0-beta14"
    react-virtualized "^7.0.0"

react-virtualized@^7.0.0, react-virtualized@^7.2.0:
  version "7.24.3"
  resolved "https://registry.yarnpkg.com/react-virtualized/-/react-virtualized-7.24.3.tgz#b9b1b20568339e66e7b6908e92ff6b55309253b7"
  dependencies:
    babel-runtime "^6.11.6"
    classnames "^2.2.3"
    dom-helpers "^2.4.0"
    raf "^3.1.0"

react@^15.0.1:
  version "15.6.2"
  resolved "https://registry.yarnpkg.com/react/-/react-15.6.2.tgz#dba0434ab439cfe82f108f0f511663908179aa72"
  dependencies:
    create-react-class "^15.6.0"
    fbjs "^0.8.9"
    loose-envify "^1.1.0"
    object-assign "^4.1.0"
    prop-types "^15.5.10"

redux-devtools-dock-monitor@^1.1.1:
  version "1.1.2"
  resolved "https://registry.yarnpkg.com/redux-devtools-dock-monitor/-/redux-devtools-dock-monitor-1.1.2.tgz#eb213a021f8c25b892f6c98bdb87368615e3d201"
  dependencies:
    babel-runtime "^6.2.0"
    parse-key "^0.2.1"
    prop-types "^15.5.8"
    react-dock "^0.2.4"
    react-pure-render "^1.0.2"

redux-devtools-instrument@^1.0.1:
  version "1.8.2"
  resolved "https://registry.yarnpkg.com/redux-devtools-instrument/-/redux-devtools-instrument-1.8.2.tgz#5e91cfe402e790dae3fd2f0d235f7b7d84b09ffe"
  dependencies:
    lodash "^4.2.0"
    symbol-observable "^1.0.2"

redux-devtools-log-monitor@^1.0.11:
  version "1.4.0"
  resolved "https://registry.yarnpkg.com/redux-devtools-log-monitor/-/redux-devtools-log-monitor-1.4.0.tgz#716b9580eda2a331cd359a36aa09e3a1602a854b"
  dependencies:
    lodash.debounce "^4.0.4"
    prop-types "^15.0.0"
    react-json-tree "^0.11.0"
    react-pure-render "^1.0.2"
    redux-devtools-themes "^1.0.0"

redux-devtools-themes@^1.0.0:
  version "1.0.0"
  resolved "https://registry.yarnpkg.com/redux-devtools-themes/-/redux-devtools-themes-1.0.0.tgz#c482dce3c5373976045f40134907d9dcb3ae3d5d"
  dependencies:
    base16 "^1.0.0"

redux-devtools@^3.2.0:
  version "3.4.1"
  resolved "https://registry.yarnpkg.com/redux-devtools/-/redux-devtools-3.4.1.tgz#09d342ce0ab6087be679e953a1d7c530efa1138e"
  dependencies:
    lodash "^4.2.0"
    prop-types "^15.5.7"
    redux-devtools-instrument "^1.0.1"

redux-form@^6.0.0-alpha.14:
  version "6.8.0"
  resolved "https://registry.yarnpkg.com/redux-form/-/redux-form-6.8.0.tgz#ff1b590b59f987d7e3ff080d752f7120bfe42af3"
  dependencies:
    deep-equal "^1.0.1"
    es6-error "^4.0.0"
    hoist-non-react-statics "^1.2.0"
    invariant "^2.2.2"
    is-promise "^2.1.0"
    lodash "^4.17.3"
    lodash-es "^4.17.3"
    prop-types "^15.5.9"

redux-logger@^2.6.1:
  version "2.10.2"
  resolved "https://registry.yarnpkg.com/redux-logger/-/redux-logger-2.10.2.tgz#3c5a5f0a6f32577c1deadf6655f257f82c6c3937"
  dependencies:
    deep-diff "0.3.4"

redux-promise@^0.5.3:
  version "0.5.3"
  resolved "https://registry.yarnpkg.com/redux-promise/-/redux-promise-0.5.3.tgz#e97e6c9d3bf376eacb79babe6d906da20112d6d8"
  dependencies:
    flux-standard-action "^0.6.1"

redux-thunk@^2.0.1:
  version "2.2.0"
  resolved "https://registry.yarnpkg.com/redux-thunk/-/redux-thunk-2.2.0.tgz#e615a16e16b47a19a515766133d1e3e99b7852e5"

redux@^3.4.0:
  version "3.7.2"
  resolved "https://registry.yarnpkg.com/redux/-/redux-3.7.2.tgz#06b73123215901d25d065be342eb026bc1c8537b"
  dependencies:
    lodash "^4.2.1"
    lodash-es "^4.2.1"
    loose-envify "^1.1.0"
    symbol-observable "^1.0.3"

regenerate@^1.2.1:
  version "1.3.3"
  resolved "https://registry.yarnpkg.com/regenerate/-/regenerate-1.3.3.tgz#0c336d3980553d755c39b586ae3b20aa49c82b7f"

regenerator-runtime@^0.11.0:
  version "0.11.1"
  resolved "https://registry.yarnpkg.com/regenerator-runtime/-/regenerator-runtime-0.11.1.tgz#be05ad7f9bf7d22e056f9726cee5017fbf19e2e9"

regexpu-core@^1.0.0:
  version "1.0.0"
  resolved "https://registry.yarnpkg.com/regexpu-core/-/regexpu-core-1.0.0.tgz#86a763f58ee4d7c2f6b102e4764050de7ed90c6b"
  dependencies:
    regenerate "^1.2.1"
    regjsgen "^0.2.0"
    regjsparser "^0.1.4"

regjsgen@^0.2.0:
  version "0.2.0"
  resolved "https://registry.yarnpkg.com/regjsgen/-/regjsgen-0.2.0.tgz#6c016adeac554f75823fe37ac05b92d5a4edb1f7"

regjsparser@^0.1.4:
  version "0.1.5"
  resolved "https://registry.yarnpkg.com/regjsparser/-/regjsparser-0.1.5.tgz#7ee8f84dc6fa792d3fd0ae228d24bd949ead205c"
  dependencies:
    jsesc "~0.5.0"

rimraf@^2.5.1:
  version "2.6.2"
  resolved "https://registry.yarnpkg.com/rimraf/-/rimraf-2.6.2.tgz#2ed8150d24a16ea8651e6d6ef0f47c4158ce7a36"
  dependencies:
    glob "^7.0.5"

seekout@^1.0.1:
  version "1.0.2"
  resolved "https://registry.yarnpkg.com/seekout/-/seekout-1.0.2.tgz#09ba9f1bd5b46fbb134718eb19a68382cbb1b9c9"

setimmediate@^1.0.5:
  version "1.0.5"
  resolved "https://registry.yarnpkg.com/setimmediate/-/setimmediate-1.0.5.tgz#290cbb232e306942d7d7ea9b83732ab7856f8285"

sorted-array-functions@^1.0.0:
  version "1.0.0"
  resolved "https://registry.yarnpkg.com/sorted-array-functions/-/sorted-array-functions-1.0.0.tgz#c0b554d9e709affcbe56d34c1b2514197fd38279"

source-map-support@^0.4.0:
  version "0.4.18"
  resolved "https://registry.yarnpkg.com/source-map-support/-/source-map-support-0.4.18.tgz#0286a6de8be42641338594e97ccea75f0a2c585f"
  dependencies:
    source-map "^0.5.6"

source-map@^0.5.6:
  version "0.5.7"
  resolved "https://registry.yarnpkg.com/source-map/-/source-map-0.5.7.tgz#8a039d2d1021d22d1ea14c80d8ea468ba2ef3fcc"

source-map@^0.6.1:
  version "0.6.1"
  resolved "https://registry.yarnpkg.com/source-map/-/source-map-0.6.1.tgz#74722af32e9614e9c287a8d0bbde48b5e2f1a263"

strict-uri-encode@^1.0.0:
  version "1.1.0"
  resolved "https://registry.yarnpkg.com/strict-uri-encode/-/strict-uri-encode-1.1.0.tgz#279b225df1d582b1f54e65addd4352e18faa0713"

strip-ansi@^3.0.0:
  version "3.0.1"
  resolved "https://registry.yarnpkg.com/strip-ansi/-/strip-ansi-3.0.1.tgz#6a385fb8853d952d5ff05d0e8aaf94278dc63dcf"
  dependencies:
    ansi-regex "^2.0.0"

supports-color@^2.0.0:
  version "2.0.0"
  resolved "https://registry.yarnpkg.com/supports-color/-/supports-color-2.0.0.tgz#535d045ce6b6363fa40117084629995e9df324c7"

supports-color@^3.2.3:
  version "3.2.3"
  resolved "https://registry.yarnpkg.com/supports-color/-/supports-color-3.2.3.tgz#65ac0504b3954171d8a64946b2ae3cbb8a5f54f6"
  dependencies:
    has-flag "^1.0.0"

supports-color@^4.0.0, supports-color@^4.4.0:
  version "4.5.0"
  resolved "https://registry.yarnpkg.com/supports-color/-/supports-color-4.5.0.tgz#be7a0de484dec5c5cddf8b3d59125044912f635b"
  dependencies:
    has-flag "^2.0.0"

symbol-observable@^1.0.2, symbol-observable@^1.0.3:
  version "1.1.0"
  resolved "https://registry.yarnpkg.com/symbol-observable/-/symbol-observable-1.1.0.tgz#5c68fd8d54115d9dfb72a84720549222e8db9b32"

ua-parser-js@^0.7.9:
  version "0.7.17"
  resolved "https://registry.yarnpkg.com/ua-parser-js/-/ua-parser-js-0.7.17.tgz#e9ec5f9498b9ec910e7ae3ac626a805c4d09ecac"

warning@^2.0.0:
  version "2.1.0"
  resolved "https://registry.yarnpkg.com/warning/-/warning-2.1.0.tgz#21220d9c63afc77a8c92111e011af705ce0c6901"
  dependencies:
    loose-envify "^1.0.0"

warning@^3.0.0:
  version "3.0.0"
  resolved "https://registry.yarnpkg.com/warning/-/warning-3.0.0.tgz#32e5377cb572de4ab04753bdf8821c01ed605b7c"
  dependencies:
    loose-envify "^1.0.0"

whatwg-fetch@>=0.10.0:
  version "2.0.3"
  resolved "https://registry.yarnpkg.com/whatwg-fetch/-/whatwg-fetch-2.0.3.tgz#9c84ec2dcf68187ff00bc64e1274b442176e1c84"

wrappy@1:
  version "1.0.2"
  resolved "https://registry.yarnpkg.com/wrappy/-/wrappy-1.0.2.tgz#b5243d8f3ec1aa35f1364605bc0d1036e30ab69f"

xtend@~4.0.0:
  version "4.0.1"
  resolved "https://registry.yarnpkg.com/xtend/-/xtend-4.0.1.tgz#a5c6d532be656e23db820efb943a1f04998d63af"
